{
  "name": "OOP_school",
  "lockfileVersion": 2,
  "requires": true,
  "packages": {
    "": {
      "dependencies": {
        "gems": "^0.0.1"
      }
    },
    "node_modules/gems": {
      "version": "0.0.1",
      "resolved": "https://registry.npmjs.org/gems/-/gems-0.0.1.tgz",
      "integrity": "sha512-RE2MQ0dJczvP4uevQ4uTebydZYr7P+KLYvcJcWzU2UkDTeyOln7filyFqFRfDaWTdDiAkqOnNLSJ1CUyNPNR0Q=="
    }
  },
  "dependencies": {
    "gems": {
      "version": "0.0.1",
      "resolved": "https://registry.npmjs.org/gems/-/gems-0.0.1.tgz",
      "integrity": "sha512-RE2MQ0dJczvP4uevQ4uTebydZYr7P+KLYvcJcWzU2UkDTeyOln7filyFqFRfDaWTdDiAkqOnNLSJ1CUyNPNR0Q=="
    }
  }
}
